Microsoft Visual Studio Solution File, Format Version 12.00
# Visual Studio Version 17
VisualStudioVersion = 17.13.35828.75
MinimumVisualStudioVersion = 10.0.40219.1
Project("{FAE04EC0-301F-11D3-BF4B-00C04F79EFBC}") = "Console.Calculator.JimzSnowby", "Console.Calculator.JimzSnowby.csproj", "{2D76EA39-02FB-4D6D-9B61-8ED0850FEEBC}"
EndProject
Global
	GlobalSection(SolutionConfigurationPlatforms) = preSolution
		Debug|Any CPU = Debug|Any CPU
		Release|Any CPU = Release|Any CPU
	EndGlobalSection
	GlobalSection(ProjectConfigurationPlatforms) = postSolution
		{2D76EA39-02FB-4D6D-9B61-8ED0850FEEBC}.Debug|Any CPU.ActiveCfg = Debug|Any CPU
		{2D76EA39-02FB-4D6D-9B61-8ED0850FEEBC}.Debug|Any CPU.Build.0 = Debug|Any CPU
		{2D76EA39-02FB-4D6D-9B61-8ED0850FEEBC}.Release|Any CPU.ActiveCfg = Release|Any CPU
		{2D76EA39-02FB-4D6D-9B61-8ED0850FEEBC}.Release|Any CPU.Build.0 = Release|Any CPU
	EndGlobalSection
	GlobalSection(SolutionProperties) = preSolution
		HideSolutionNode = FALSE
	EndGlobalSection
	GlobalSection(ExtensibilityGlobals) = postSolution
		SolutionGuid = {636E7A2C-1AE3-42C9-95CF-AAC041C425EA}
	EndGlobalSection
EndGlobal
